
Microsoft Visual Studio Solution File, Format Version 12.00
# Visual Studio Version 17
VisualStudioVersion = 17.0.32112.339
MinimumVisualStudioVersion = 10.0.40219.1
Project("{FAE04EC0-301F-11D3-BF4B-00C04F79EFBC}") = "BankApp.Android", "BankApp\BankApp.Android\BankApp.Android.csproj", "{DCE61D4C-28B2-4B18-938D-031B8DB32CDC}"
EndProject
Project("{FAE04EC0-301F-11D3-BF4B-00C04F79EFBC}") = "BankApp.iOS", "BankApp\BankApp.iOS\BankApp.iOS.csproj", "{FA2F9D7A-5FF8-457B-A8F7-E7D43617D5A4}"
EndProject
Project("{FAE04EC0-301F-11D3-BF4B-00C04F79EFBC}") = "BankApp", "BankApp\BankApp\BankApp.csproj", "{DF84B864-D267-4737-B485-9C22399475E8}"
EndProject
Global
	GlobalSection(SolutionConfigurationPlatforms) = preSolution
		Debug|Any CPU = Debug|Any CPU
		Debug|iPhone = Debug|iPhone
		Debug|iPhoneSimulator = Debug|iPhoneSimulator
		Release|Any CPU = Release|Any CPU
		Release|iPhone = Release|iPhone
		Release|iPhoneSimulator = Release|iPhoneSimulator
	EndGlobalSection
	GlobalSection(ProjectConfigurationPlatforms) = postSolution
		{DCE61D4C-28B2-4B18-938D-031B8DB32CDC}.Debug|Any CPU.ActiveCfg = Debug|Any CPU
		{DCE61D4C-28B2-4B18-938D-031B8DB32CDC}.Debug|Any CPU.Build.0 = Debug|Any CPU
		{DCE61D4C-28B2-4B18-938D-031B8DB32CDC}.Debug|Any CPU.Deploy.0 = Debug|Any CPU
		{DCE61D4C-28B2-4B18-938D-031B8DB32CDC}.Debug|iPhone.ActiveCfg = Debug|Any CPU
		{DCE61D4C-28B2-4B18-938D-031B8DB32CDC}.Debug|iPhone.Build.0 = Debug|Any CPU
		{DCE61D4C-28B2-4B18-938D-031B8DB32CDC}.Debug|iPhone.Deploy.0 = Debug|Any CPU
		{DCE61D4C-28B2-4B18-938D-031B8DB32CDC}.Debug|iPhoneSimulator.ActiveCfg = Debug|Any CPU
		{DCE61D4C-28B2-4B18-938D-031B8DB32CDC}.Debug|iPhoneSimulator.Build.0 = Debug|Any CPU
		{DCE61D4C-28B2-4B18-938D-031B8DB32CDC}.Debug|iPhoneSimulator.Deploy.0 = Debug|Any CPU
		{DCE61D4C-28B2-4B18-938D-031B8DB32CDC}.Release|Any CPU.ActiveCfg = Release|Any CPU
		{DCE61D4C-28B2-4B18-938D-031B8DB32CDC}.Release|Any CPU.Build.0 = Release|Any CPU
		{DCE61D4C-28B2-4B18-938D-031B8DB32CDC}.Release|Any CPU.Deploy.0 = Release|Any CPU
		{DCE61D4C-28B2-4B18-938D-031B8DB32CDC}.Release|iPhone.ActiveCfg = Release|Any CPU
		{DCE61D4C-28B2-4B18-938D-031B8DB32CDC}.Release|iPhone.Build.0 = Release|Any CPU
		{DCE61D4C-28B2-4B18-938D-031B8DB32CDC}.Release|iPhone.Deploy.0 = Release|Any CPU
		{DCE61D4C-28B2-4B18-938D-031B8DB32CDC}.Release|iPhoneSimulator.ActiveCfg = Release|Any CPU
		{DCE61D4C-28B2-4B18-938D-031B8DB32CDC}.Release|iPhoneSimulator.Build.0 = Release|Any CPU
		{DCE61D4C-28B2-4B18-938D-031B8DB32CDC}.Release|iPhoneSimulator.Deploy.0 = Release|Any CPU
		{FA2F9D7A-5FF8-457B-A8F7-E7D43617D5A4}.Debug|Any CPU.ActiveCfg = Debug|iPhone
		{FA2F9D7A-5FF8-457B-A8F7-E7D43617D5A4}.Debug|Any CPU.Build.0 = Debug|iPhone
		{FA2F9D7A-5FF8-457B-A8F7-E7D43617D5A4}.Debug|Any CPU.Deploy.0 = Debug|iPhone
		{FA2F9D7A-5FF8-457B-A8F7-E7D43617D5A4}.Debug|iPhone.ActiveCfg = Debug|iPhone
		{FA2F9D7A-5FF8-457B-A8F7-E7D43617D5A4}.Debug|iPhone.Build.0 = Debug|iPhone
		{FA2F9D7A-5FF8-457B-A8F7-E7D43617D5A4}.Debug|iPhone.Deploy.0 = Debug|iPhone
		{FA2F9D7A-5FF8-457B-A8F7-E7D43617D5A4}.Debug|iPhoneSimulator.ActiveCfg = Debug|iPhoneSimulator
		{FA2F9D7A-5FF8-457B-A8F7-E7D43617D5A4}.Debug|iPhoneSimulator.Build.0 = Debug|iPhoneSimulator
		{FA2F9D7A-5FF8-457B-A8F7-E7D43617D5A4}.Debug|iPhoneSimulator.Deploy.0 = Debug|iPhoneSimulator
		{FA2F9D7A-5FF8-457B-A8F7-E7D43617D5A4}.Release|Any CPU.ActiveCfg = Release|iPhoneSimulator
		{FA2F9D7A-5FF8-457B-A8F7-E7D43617D5A4}.Release|Any CPU.Build.0 = Release|iPhoneSimulator
		{FA2F9D7A-5FF8-457B-A8F7-E7D43617D5A4}.Release|Any CPU.Deploy.0 = Release|iPhoneSimulator
		{FA2F9D7A-5FF8-457B-A8F7-E7D43617D5A4}.Release|iPhone.ActiveCfg = Release|iPhone
		{FA2F9D7A-5FF8-457B-A8F7-E7D43617D5A4}.Release|iPhone.Build.0 = Release|iPhone
		{FA2F9D7A-5FF8-457B-A8F7-E7D43617D5A4}.Release|iPhone.Deploy.0 = Release|iPhone
		{FA2F9D7A-5FF8-457B-A8F7-E7D43617D5A4}.Release|iPhoneSimulator.ActiveCfg = Release|iPhoneSimulator
		{FA2F9D7A-5FF8-457B-A8F7-E7D43617D5A4}.Release|iPhoneSimulator.Build.0 = Release|iPhoneSimulator
		{FA2F9D7A-5FF8-457B-A8F7-E7D43617D5A4}.Release|iPhoneSimulator.Deploy.0 = Release|iPhoneSimulator
		{DF84B864-D267-4737-B485-9C22399475E8}.Debug|Any CPU.ActiveCfg = Debug|Any CPU
		{DF84B864-D267-4737-B485-9C22399475E8}.Debug|Any CPU.Build.0 = Debug|Any CPU
		{DF84B864-D267-4737-B485-9C22399475E8}.Debug|Any CPU.Deploy.0 = Debug|Any CPU
		{DF84B864-D267-4737-B485-9C22399475E8}.Debug|iPhone.ActiveCfg = Debug|Any CPU
		{DF84B864-D267-4737-B485-9C22399475E8}.Debug|iPhone.Build.0 = Debug|Any CPU
		{DF84B864-D267-4737-B485-9C22399475E8}.Debug|iPhone.Deploy.0 = Debug|Any CPU
		{DF84B864-D267-4737-B485-9C22399475E8}.Debug|iPhoneSimulator.ActiveCfg = Debug|Any CPU
		{DF84B864-D267-4737-B485-9C22399475E8}.Debug|iPhoneSimulator.Build.0 = Debug|Any CPU
		{DF84B864-D267-4737-B485-9C22399475E8}.Debug|iPhoneSimulator.Deploy.0 = Debug|Any CPU
		{DF84B864-D267-4737-B485-9C22399475E8}.Release|Any CPU.ActiveCfg = Release|Any CPU
		{DF84B864-D267-4737-B485-9C22399475E8}.Release|Any CPU.Build.0 = Release|Any CPU
		{DF84B864-D267-4737-B485-9C22399475E8}.Release|Any CPU.Deploy.0 = Release|Any CPU
		{DF84B864-D267-4737-B485-9C22399475E8}.Release|iPhone.ActiveCfg = Release|Any CPU
		{DF84B864-D267-4737-B485-9C22399475E8}.Release|iPhone.Build.0 = Release|Any CPU
		{DF84B864-D267-4737-B485-9C22399475E8}.Release|iPhone.Deploy.0 = Release|Any CPU
		{DF84B864-D267-4737-B485-9C22399475E8}.Release|iPhoneSimulator.ActiveCfg = Release|Any CPU
		{DF84B864-D267-4737-B485-9C22399475E8}.Release|iPhoneSimulator.Build.0 = Release|Any CPU
		{DF84B864-D267-4737-B485-9C22399475E8}.Release|iPhoneSimulator.Deploy.0 = Release|Any CPU
	EndGlobalSection
	GlobalSection(SolutionProperties) = preSolution
		HideSolutionNode = FALSE
	EndGlobalSection
	GlobalSection(ExtensibilityGlobals) = postSolution
		SolutionGuid = {A6A35881-21D4-43A0-9EF6-E33557DB4D53}
	EndGlobalSection
EndGlobal
